
Microsoft Visual Studio Solution File, Format Version 12.00
# Visual Studio Version 16
VisualStudioVersion = 25.0.1703.8
MinimumVisualStudioVersion = 10.0.40219.1
Project("{FAE04EC0-301F-11D3-BF4B-00C04F79EFBC}") = "sum_biggest_neighbour", "sum_biggest_neighbour\sum_biggest_neighbour.csproj", "{EF35CDBB-DCFC-47E0-A897-C97A7D4CE6CE}"
EndProject
Global
	GlobalSection(SolutionConfigurationPlatforms) = preSolution
		Debug|Any CPU = Debug|Any CPU
		Release|Any CPU = Release|Any CPU
	EndGlobalSection
	GlobalSection(ProjectConfigurationPlatforms) = postSolution
		{EF35CDBB-DCFC-47E0-A897-C97A7D4CE6CE}.Debug|Any CPU.ActiveCfg = Debug|Any CPU
		{EF35CDBB-DCFC-47E0-A897-C97A7D4CE6CE}.Debug|Any CPU.Build.0 = Debug|Any CPU
		{EF35CDBB-DCFC-47E0-A897-C97A7D4CE6CE}.Release|Any CPU.ActiveCfg = Release|Any CPU
		{EF35CDBB-DCFC-47E0-A897-C97A7D4CE6CE}.Release|Any CPU.Build.0 = Release|Any CPU
	EndGlobalSection
	GlobalSection(SolutionProperties) = preSolution
		HideSolutionNode = FALSE
	EndGlobalSection
	GlobalSection(ExtensibilityGlobals) = postSolution
		SolutionGuid = {430DA597-CA1E-45EA-B1C6-409C3CC1D414}
	EndGlobalSection
EndGlobal
